
Microsoft Visual Studio Solution File, Format Version 12.00
# Visual Studio Version 17
VisualStudioVersion = 17.4.33213.308
MinimumVisualStudioVersion = 10.0.40219.1
Project("{9A19103F-16F7-4668-BE54-9A1E7A4F7556}") = "Presentation", "WinFormsApp1\Presentation.csproj", "{F576AB94-9C26-4275-8B75-DAEC6F0C4797}"
EndProject
Project("{FAE04EC0-301F-11D3-BF4B-00C04F79EFBC}") = "Domain", "Domain\Domain.csproj", "{9B7010DB-8C82-4B7A-9CB7-FA648044B8C3}"
EndProject
Project("{FAE04EC0-301F-11D3-BF4B-00C04F79EFBC}") = "DataAccess", "DataAccess\DataAccess.csproj", "{CFE44DC5-8141-4755-BFD5-F00573B7C17F}"
EndProject
Global
	GlobalSection(SolutionConfigurationPlatforms) = preSolution
		Debug|Any CPU = Debug|Any CPU
		Release|Any CPU = Release|Any CPU
	EndGlobalSection
	GlobalSection(ProjectConfigurationPlatforms) = postSolution
		{F576AB94-9C26-4275-8B75-DAEC6F0C4797}.Debug|Any CPU.ActiveCfg = Debug|Any CPU
		{F576AB94-9C26-4275-8B75-DAEC6F0C4797}.Debug|Any CPU.Build.0 = Debug|Any CPU
		{F576AB94-9C26-4275-8B75-DAEC6F0C4797}.Release|Any CPU.ActiveCfg = Release|Any CPU
		{F576AB94-9C26-4275-8B75-DAEC6F0C4797}.Release|Any CPU.Build.0 = Release|Any CPU
		{9B7010DB-8C82-4B7A-9CB7-FA648044B8C3}.Debug|Any CPU.ActiveCfg = Debug|Any CPU
		{9B7010DB-8C82-4B7A-9CB7-FA648044B8C3}.Debug|Any CPU.Build.0 = Debug|Any CPU
		{9B7010DB-8C82-4B7A-9CB7-FA648044B8C3}.Release|Any CPU.ActiveCfg = Release|Any CPU
		{9B7010DB-8C82-4B7A-9CB7-FA648044B8C3}.Release|Any CPU.Build.0 = Release|Any CPU
		{CFE44DC5-8141-4755-BFD5-F00573B7C17F}.Debug|Any CPU.ActiveCfg = Debug|Any CPU
		{CFE44DC5-8141-4755-BFD5-F00573B7C17F}.Debug|Any CPU.Build.0 = Debug|Any CPU
		{CFE44DC5-8141-4755-BFD5-F00573B7C17F}.Release|Any CPU.ActiveCfg = Release|Any CPU
		{CFE44DC5-8141-4755-BFD5-F00573B7C17F}.Release|Any CPU.Build.0 = Release|Any CPU
	EndGlobalSection
	GlobalSection(SolutionProperties) = preSolution
		HideSolutionNode = FALSE
	EndGlobalSection
	GlobalSection(ExtensibilityGlobals) = postSolution
		SolutionGuid = {82E58C38-FF3E-43F7-94A1-42255A6A482A}
	EndGlobalSection
EndGlobal
